<?xml version="1.0" encoding="utf-8"?>
<Project ToolsVersion="4.0" xmlns="http://schemas.microsoft.com/developer/msbuild/2003">
  <ItemGroup>
    <Filter Include="win32">
      <UniqueIdentifier>{84a8ebd7-7cf0-47f6-b75e-d441df67da40}</UniqueIdentifier>
    </Filter>
    <Filter Include="game">
      <UniqueIdentifier>{bb6c862e-70e9-49d9-81b7-3829a6f50471}</UniqueIdentifier>
    </Filter>
    <Filter Include="common">
      <UniqueIdentifier>{05de9012-fa79-4e14-82c5-a5c9e5b85e14}</UniqueIdentifier>
    </Filter>
    <Filter Include="config">
      <UniqueIdentifier>{06d81de7-07c3-4702-8f6d-ff35d8b5f2d0}</UniqueIdentifier>
    </Filter>
    <Filter Include="config\srcgen">
      <UniqueIdentifier>{95a6daed-33c5-4521-9767-5ef339d4feb7}</UniqueIdentifier>
    </Filter>
    <Filter Include="net">
      <UniqueIdentifier>{c4fcbb05-58b3-4e55-b819-285f59449687}</UniqueIdentifier>
    </Filter>
  </ItemGroup>
  <ItemGroup>
    <ClCompile Include="main.cpp">
      <Filter>win32</Filter>
    </ClCompile>
    <ClCompile Include="..\..\src\game\AppDelegate.cpp">
      <Filter>game</Filter>
    </ClCompile>
    <ClCompile Include="..\..\src\common\PomeloConnection.cpp">
      <Filter>common</Filter>
    </ClCompile>
    <ClCompile Include="..\..\src\common\ResMgr.cpp">
      <Filter>common</Filter>
    </ClCompile>
    <ClCompile Include="..\..\src\config\srcgen\testConfigHolder.cpp">
      <Filter>config\srcgen</Filter>
    </ClCompile>
    <ClCompile Include="..\..\src\net\LoginRequest.cpp">
      <Filter>net</Filter>
    </ClCompile>
    <ClCompile Include="..\..\src\game\GameScene.cpp">
      <Filter>game</Filter>
    </ClCompile>
    <ClCompile Include="..\..\src\game\GameBlock.cpp">
      <Filter>game</Filter>
    </ClCompile>
    <ClCompile Include="..\..\src\game\PlayerInfoScene.cpp">
      <Filter>game</Filter>
    </ClCompile>
  </ItemGroup>
  <ItemGroup>
    <ClInclude Include="main.h">
      <Filter>win32</Filter>
    </ClInclude>
    <ClInclude Include="..\..\src\game\AppDelegate.h">
      <Filter>game</Filter>
    </ClInclude>
    <ClInclude Include="..\..\src\game\AppMacros.h">
      <Filter>game</Filter>
    </ClInclude>
    <ClInclude Include="..\..\src\common\ConnectionObject.h">
      <Filter>common</Filter>
    </ClInclude>
    <ClInclude Include="..\..\src\common\jansson.hpp">
      <Filter>common</Filter>
    </ClInclude>
    <ClInclude Include="..\..\src\common\jansson-impl.hpp">
      <Filter>common</Filter>
    </ClInclude>
    <ClInclude Include="..\..\src\common\PomeloConnection.h">
      <Filter>common</Filter>
    </ClInclude>
    <ClInclude Include="..\..\src\common\ResMgr.h">
      <Filter>common</Filter>
    </ClInclude>
    <ClInclude Include="..\..\src\config\ConfigHolder.h">
      <Filter>config</Filter>
    </ClInclude>
    <ClInclude Include="..\..\src\config\ConfigHolder.hpp">
      <Filter>config</Filter>
    </ClInclude>
    <ClInclude Include="..\..\src\config\srcgen\testConfigHolder.h">
      <Filter>config\srcgen</Filter>
    </ClInclude>
    <ClInclude Include="..\..\src\net\LoginRequest.h">
      <Filter>net</Filter>
    </ClInclude>
    <ClInclude Include="..\..\src\game\GameScene.h">
      <Filter>game</Filter>
    </ClInclude>
    <ClInclude Include="..\..\src\game\GameBlock.h">
      <Filter>game</Filter>
    </ClInclude>
    <ClInclude Include="..\..\src\game\PlayerInfoScene.h">
      <Filter>game</Filter>
    </ClInclude>
  </ItemGroup>
</Project>