// !$*UTF8*$!
{
	archiveVersion = 1;
	classes = {
	};
	objectVersion = 46;
	objects = {

/* Begin PBXBuildFile section */
		1AC3624916D4A1E8000847F2 /* AppController.mm in Sources */ = {isa = PBXBuildFile; fileRef = 1AC3624316D4A1E8000847F2 /* AppController.mm */; };
		1AC3624B16D4A1E8000847F2 /* main.m in Sources */ = {isa = PBXBuildFile; fileRef = 1AC3624516D4A1E8000847F2 /* main.m */; };
		1AFCDA8216D4A25900906EA6 /* RootViewController.mm in Sources */ = {isa = PBXBuildFile; fileRef = 1AFCDA8116D4A25900906EA6 /* RootViewController.mm */; };
		1B1DE9C9192FB0A300FACB84 /* libjansson.a in Frameworks */ = {isa = PBXBuildFile; fileRef = 1B1DE9BC192FB07F00FACB84 /* libjansson.a */; };
		1B1DE9CA192FB0A300FACB84 /* libpomelo.a in Frameworks */ = {isa = PBXBuildFile; fileRef = 1B1DE9A8192FB07100FACB84 /* libpomelo.a */; };
		1B1DE9CB192FB0A300FACB84 /* libuv.a in Frameworks */ = {isa = PBXBuildFile; fileRef = 1B1DE9C2192FB09100FACB84 /* libuv.a */; };
		1B213FB1192CE52300FE3C95 /* GameProtoHandler.cpp in Sources */ = {isa = PBXBuildFile; fileRef = 1B213FAD192CE52300FE3C95 /* GameProtoHandler.cpp */; };
		1B213FB2192CE52300FE3C95 /* pushEventHandler.cpp in Sources */ = {isa = PBXBuildFile; fileRef = 1B213FAF192CE52300FE3C95 /* pushEventHandler.cpp */; };
		1B213FB3192CE52300FE3C95 /* roleRequest.cpp in Sources */ = {isa = PBXBuildFile; fileRef = 1B213FB0192CE52300FE3C95 /* roleRequest.cpp */; };
		1B213FD2192CFCB500FE3C95 /* FLTextInput.cpp in Sources */ = {isa = PBXBuildFile; fileRef = 1B213FD0192CFCB500FE3C95 /* FLTextInput.cpp */; };
		1B3E73BF191BCD0100DBB93C /* BattleRequest.cpp in Sources */ = {isa = PBXBuildFile; fileRef = 1B3E73BD191BCD0100DBB93C /* BattleRequest.cpp */; };
		1B3E73C3191BE39200DBB93C /* FLPlayer.cpp in Sources */ = {isa = PBXBuildFile; fileRef = 1B3E73C1191BE39200DBB93C /* FLPlayer.cpp */; };
		1B5347C61913D38C00EB74AE /* PomeloConnection.cpp in Sources */ = {isa = PBXBuildFile; fileRef = 1B5347B01913D38C00EB74AE /* PomeloConnection.cpp */; };
		1B5347C71913D38C00EB74AE /* ResMgr.cpp in Sources */ = {isa = PBXBuildFile; fileRef = 1B5347B21913D38C00EB74AE /* ResMgr.cpp */; };
		1B5347C91913D38C00EB74AE /* testConfigHolder.cpp in Sources */ = {isa = PBXBuildFile; fileRef = 1B5347B91913D38C00EB74AE /* testConfigHolder.cpp */; };
		1B5347CB1913D38C00EB74AE /* AppDelegate.cpp in Sources */ = {isa = PBXBuildFile; fileRef = 1B5347BE1913D38C00EB74AE /* AppDelegate.cpp */; };
		1B5347CC1913D38C00EB74AE /* GameScene.cpp in Sources */ = {isa = PBXBuildFile; fileRef = 1B5347C11913D38C00EB74AE /* GameScene.cpp */; };
		1B5347CD1913D38C00EB74AE /* LoginRequest.cpp in Sources */ = {isa = PBXBuildFile; fileRef = 1B5347C41913D38C00EB74AE /* LoginRequest.cpp */; };
		1B5348BF1913D5AA00EB74AE /* libcocos2dx.a in Frameworks */ = {isa = PBXBuildFile; fileRef = 1B5348BC1913D53F00EB74AE /* libcocos2dx.a */; };
		1B5348C21913D65100EB74AE /* libcurl.a in Frameworks */ = {isa = PBXBuildFile; fileRef = 1B5348C01913D65100EB74AE /* libcurl.a */; };
		1B5348C31913D65100EB74AE /* libwebp.a in Frameworks */ = {isa = PBXBuildFile; fileRef = 1B5348C11913D65100EB74AE /* libwebp.a */; };
		1B5348E31913DDA400EB74AE /* bg.tmx in Resources */ = {isa = PBXBuildFile; fileRef = 1B5348E01913DDA400EB74AE /* bg.tmx */; };
		1B5348E41913DDA400EB74AE /* block.png in Resources */ = {isa = PBXBuildFile; fileRef = 1B5348E11913DDA400EB74AE /* block.png */; };
		1B5348E51913DDA400EB74AE /* fonts in Resources */ = {isa = PBXBuildFile; fileRef = 1B5348E21913DDA400EB74AE /* fonts */; };
		1B5348EB1917C6BE00EB74AE /* GameBlock.cpp in Sources */ = {isa = PBXBuildFile; fileRef = 1B5348E91917C6BE00EB74AE /* GameBlock.cpp */; };
		1B536F0D19210BA90042886E /* PlayerInfoScene.cpp in Sources */ = {isa = PBXBuildFile; fileRef = 1B536F0B19210BA90042886E /* PlayerInfoScene.cpp */; };
		1B6BB73C19265D4300DAC401 /* RegisterScene.cpp in Sources */ = {isa = PBXBuildFile; fileRef = 1B6BB73A19265D4300DAC401 /* RegisterScene.cpp */; };
		1BAE20D1191E30720072627B /* FLBattle.cpp in Sources */ = {isa = PBXBuildFile; fileRef = 1BAE20CF191E30720072627B /* FLBattle.cpp */; };
		1BDB389E1924F48B00380F47 /* libWeiboSDK.a in Frameworks */ = {isa = PBXBuildFile; fileRef = 1BDB389B1924F48B00380F47 /* libWeiboSDK.a */; };
		1BDB389F1924F48B00380F47 /* WeiboSDK.bundle in Resources */ = {isa = PBXBuildFile; fileRef = 1BDB389C1924F48B00380F47 /* WeiboSDK.bundle */; };
		1D60589F0D05DD5A006BFB54 /* Foundation.framework in Frameworks */ = {isa = PBXBuildFile; fileRef = 1D30AB110D05D00D00671497 /* Foundation.framework */; };
		1DF5F4E00D08C38300B7A737 /* UIKit.framework in Frameworks */ = {isa = PBXBuildFile; fileRef = 1DF5F4DF0D08C38300B7A737 /* UIKit.framework */; };
		288765A50DF7441C002DB57D /* CoreGraphics.framework in Frameworks */ = {isa = PBXBuildFile; fileRef = 288765A40DF7441C002DB57D /* CoreGraphics.framework */; };
		7855E0E1153FEF240059DD9A /* Default.png in Resources */ = {isa = PBXBuildFile; fileRef = 7855E0DF153FEF240059DD9A /* Default.png */; };
		BF171245129291EC00B8313A /* OpenGLES.framework in Frameworks */ = {isa = PBXBuildFile; fileRef = BF170DB012928DE900B8313A /* OpenGLES.framework */; };
		BF1712461292920000B8313A /* libxml2.dylib in Frameworks */ = {isa = PBXBuildFile; fileRef = BF170DB212928DE900B8313A /* libxml2.dylib */; };
		BF1712471292920000B8313A /* libz.dylib in Frameworks */ = {isa = PBXBuildFile; fileRef = BF170DB412928DE900B8313A /* libz.dylib */; };
		BF1C47F01293687400B63C5D /* QuartzCore.framework in Frameworks */ = {isa = PBXBuildFile; fileRef = BF1C47EA1293683800B63C5D /* QuartzCore.framework */; };
		D41A0AD1160F154A004552AE /* Default-568h@2x.png in Resources */ = {isa = PBXBuildFile; fileRef = D41A0AD0160F154A004552AE /* Default-568h@2x.png */; };
		D446FD6E16102124000ADA7B /* Default@2x.png in Resources */ = {isa = PBXBuildFile; fileRef = D446FD6D16102124000ADA7B /* Default@2x.png */; };
		D44C620C132DFF330009C878 /* OpenAL.framework in Frameworks */ = {isa = PBXBuildFile; fileRef = D44C620B132DFF330009C878 /* OpenAL.framework */; };
		D44C620E132DFF430009C878 /* AVFoundation.framework in Frameworks */ = {isa = PBXBuildFile; fileRef = D44C620D132DFF430009C878 /* AVFoundation.framework */; };
		D44C6210132DFF4E0009C878 /* AudioToolbox.framework in Frameworks */ = {isa = PBXBuildFile; fileRef = D44C620F132DFF4E0009C878 /* AudioToolbox.framework */; };
		D4EF949A15BD2D8B00D803EB /* Icon-57.png in Resources */ = {isa = PBXBuildFile; fileRef = D4EF949915BD2D8B00D803EB /* Icon-57.png */; };
		D4EF949C15BD2D8E00D803EB /* Icon-114.png in Resources */ = {isa = PBXBuildFile; fileRef = D4EF949B15BD2D8E00D803EB /* Icon-114.png */; };
		D4EF949E15BD2D9600D803EB /* Icon-72.png in Resources */ = {isa = PBXBuildFile; fileRef = D4EF949D15BD2D9600D803EB /* Icon-72.png */; };
		D4EF94A015BD2D9800D803EB /* Icon-144.png in Resources */ = {isa = PBXBuildFile; fileRef = D4EF949F15BD2D9800D803EB /* Icon-144.png */; };
/* End PBXBuildFile section */

/* Begin PBXContainerItemProxy section */
		1B1DE9A7192FB07100FACB84 /* PBXContainerItemProxy */ = {
			isa = PBXContainerItemProxy;
			containerPortal = 1B1DE999192FB07100FACB84 /* pomelo.xcodeproj */;
			proxyType = 2;
			remoteGlobalIDString = 07390FDF2C637EBD093867CC;
			remoteInfo = libpomelo;
		};
		1B1DE9A9192FB07100FACB84 /* PBXContainerItemProxy */ = {
			isa = PBXContainerItemProxy;
			containerPortal = 1B1DE999192FB07100FACB84 /* pomelo.xcodeproj */;
			proxyType = 2;
			remoteGlobalIDString = FAED8970A57B163CCFC87ECA;
			remoteInfo = destroy;
		};
		1B1DE9AB192FB07100FACB84 /* PBXContainerItemProxy */ = {
			isa = PBXContainerItemProxy;
			containerPortal = 1B1DE999192FB07100FACB84 /* pomelo.xcodeproj */;
			proxyType = 2;
			remoteGlobalIDString = 7FA2AD8C43CA89DDC8D3986C;
			remoteInfo = notify;
		};
		1B1DE9AD192FB07100FACB84 /* PBXContainerItemProxy */ = {
			isa = PBXContainerItemProxy;
			containerPortal = 1B1DE999192FB07100FACB84 /* pomelo.xcodeproj */;
			proxyType = 2;
			remoteGlobalIDString = CA1D6E61B836B3AD372F7877;
			remoteInfo = request;
		};
		1B1DE9AF192FB07100FACB84 /* PBXContainerItemProxy */ = {
			isa = PBXContainerItemProxy;
			containerPortal = 1B1DE999192FB07100FACB84 /* pomelo.xcodeproj */;
			proxyType = 2;
			remoteGlobalIDString = 2BDD63FDC40DE1D64114B19B;
			remoteInfo = echo;
		};
		1B1DE9B1192FB07100FACB84 /* PBXContainerItemProxy */ = {
			isa = PBXContainerItemProxy;
			containerPortal = 1B1DE999192FB07100FACB84 /* pomelo.xcodeproj */;
			proxyType = 2;
			remoteGlobalIDString = 640F5DADDBEA0250854F2CBF;
			remoteInfo = echo2;
		};
		1B1DE9B3192FB07100FACB84 /* PBXContainerItemProxy */ = {
			isa = PBXContainerItemProxy;
			containerPortal = 1B1DE999192FB07100FACB84 /* pomelo.xcodeproj */;
			proxyType = 2;
			remoteGlobalIDString = 39C460917C27E012DBF26365;
			remoteInfo = test_protobuf;
		};
		1B1DE9B5192FB07100FACB84 /* PBXContainerItemProxy */ = {
			isa = PBXContainerItemProxy;
			containerPortal = 1B1DE999192FB07100FACB84 /* pomelo.xcodeproj */;
			proxyType = 2;
			remoteGlobalIDString = 6201BA87C25025417F3AE79F;
			remoteInfo = robot_chat;
		};
		1B1DE9BB192FB07F00FACB84 /* PBXContainerItemProxy */ = {
			isa = PBXContainerItemProxy;
			containerPortal = 1B1DE9B7192FB07F00FACB84 /* jansson.xcodeproj */;
			proxyType = 2;
			remoteGlobalIDString = 59F286A69EC2A309743023EC;
			remoteInfo = jansson;
		};
		1B1DE9C1192FB09100FACB84 /* PBXContainerItemProxy */ = {
			isa = PBXContainerItemProxy;
			containerPortal = 1B1DE9BD192FB09100FACB84 /* uv.xcodeproj */;
			proxyType = 2;
			remoteGlobalIDString = 1366FBDA3B41EA03E9CC86CA;
			remoteInfo = libuv;
		};
		1B1DE9C3192FB09A00FACB84 /* PBXContainerItemProxy */ = {
			isa = PBXContainerItemProxy;
			containerPortal = 1B1DE9BD192FB09100FACB84 /* uv.xcodeproj */;
			proxyType = 1;
			remoteGlobalIDString = 178071661CB321BB5A46AC92;
			remoteInfo = libuv;
		};
		1B1DE9C5192FB09A00FACB84 /* PBXContainerItemProxy */ = {
			isa = PBXContainerItemProxy;
			containerPortal = 1B1DE9B7192FB07F00FACB84 /* jansson.xcodeproj */;
			proxyType = 1;
			remoteGlobalIDString = A42BD6BC281DD5AD92086C4D;
			remoteInfo = jansson;
		};
		1B1DE9C7192FB09A00FACB84 /* PBXContainerItemProxy */ = {
			isa = PBXContainerItemProxy;
			containerPortal = 1B1DE999192FB07100FACB84 /* pomelo.xcodeproj */;
			proxyType = 1;
			remoteGlobalIDString = FFDDF0E039E6E9D6BDF304D9;
			remoteInfo = libpomelo;
		};
		1B5348BB1913D53F00EB74AE /* PBXContainerItemProxy */ = {
			isa = PBXContainerItemProxy;
			containerPortal = 1B5348B71913D53E00EB74AE /* cocos2dx.xcodeproj */;
			proxyType = 2;
			remoteGlobalIDString = 1551A33F158F2AB200E66CFE;
			remoteInfo = cocos2dx;
		};
		1B5348BD1913D57900EB74AE /* PBXContainerItemProxy */ = {
			isa = PBXContainerItemProxy;
			containerPortal = 1B5348B71913D53E00EB74AE /* cocos2dx.xcodeproj */;
			proxyType = 1;
			remoteGlobalIDString = 1551A33E158F2AB200E66CFE;
			remoteInfo = cocos2dx;
		};
/* End PBXContainerItemProxy section */

/* Begin PBXFileReference section */
		1AB87039175E0A92005D39BF /* libwebsockets.h */ = {isa = PBXFileReference; fileEncoding = 4; lastKnownFileType = sourcecode.c.h; path = libwebsockets.h; sourceTree = "<group>"; };
		1AB8703B175E0A92005D39BF /* libwebsockets.a */ = {isa = PBXFileReference; lastKnownFileType = archive.ar; path = libwebsockets.a; sourceTree = "<group>"; };
		1AC3624216D4A1E8000847F2 /* AppController.h */ = {isa = PBXFileReference; fileEncoding = 4; lastKnownFileType = sourcecode.c.h; path = AppController.h; sourceTree = SOURCE_ROOT; };
		1AC3624316D4A1E8000847F2 /* AppController.mm */ = {isa = PBXFileReference; fileEncoding = 4; lastKnownFileType = sourcecode.cpp.objcpp; path = AppController.mm; sourceTree = SOURCE_ROOT; };
		1AC3624516D4A1E8000847F2 /* main.m */ = {isa = PBXFileReference; fileEncoding = 4; lastKnownFileType = sourcecode.c.objc; path = main.m; sourceTree = SOURCE_ROOT; };
		1AC3624616D4A1E8000847F2 /* Prefix.pch */ = {isa = PBXFileReference; fileEncoding = 4; lastKnownFileType = sourcecode.c.h; path = Prefix.pch; sourceTree = SOURCE_ROOT; };
		1ACB3243164770DE00914215 /* libcurl.a */ = {isa = PBXFileReference; lastKnownFileType = archive.ar; name = libcurl.a; path = ../../cocos2dx/platform/third_party/ios/libraries/libcurl.a; sourceTree = "<group>"; };
		1AFCDA8016D4A25900906EA6 /* RootViewController.h */ = {isa = PBXFileReference; fileEncoding = 4; lastKnownFileType = sourcecode.c.h; path = RootViewController.h; sourceTree = SOURCE_ROOT; };
		1AFCDA8116D4A25900906EA6 /* RootViewController.mm */ = {isa = PBXFileReference; fileEncoding = 4; lastKnownFileType = sourcecode.cpp.objcpp; path = RootViewController.mm; sourceTree = SOURCE_ROOT; };
		1B1DE999192FB07100FACB84 /* pomelo.xcodeproj */ = {isa = PBXFileReference; lastKnownFileType = "wrapper.pb-project"; name = pomelo.xcodeproj; path = ../../deps/libpomelo/pomelo.xcodeproj; sourceTree = "<group>"; };
		1B1DE9B7192FB07F00FACB84 /* jansson.xcodeproj */ = {isa = PBXFileReference; lastKnownFileType = "wrapper.pb-project"; name = jansson.xcodeproj; path = ../../deps/libpomelo/deps/jansson/jansson.xcodeproj; sourceTree = "<group>"; };
		1B1DE9BD192FB09100FACB84 /* uv.xcodeproj */ = {isa = PBXFileReference; lastKnownFileType = "wrapper.pb-project"; name = uv.xcodeproj; path = ../../deps/libpomelo/deps/uv/uv.xcodeproj; sourceTree = "<group>"; };
		1B213FAD192CE52300FE3C95 /* GameProtoHandler.cpp */ = {isa = PBXFileReference; fileEncoding = 4; lastKnownFileType = sourcecode.cpp.cpp; path = GameProtoHandler.cpp; sourceTree = "<group>"; };
		1B213FAE192CE52300FE3C95 /* GameProtoHandler.h */ = {isa = PBXFileReference; fileEncoding = 4; lastKnownFileType = sourcecode.c.h; path = GameProtoHandler.h; sourceTree = "<group>"; };
		1B213FAF192CE52300FE3C95 /* pushEventHandler.cpp */ = {isa = PBXFileReference; fileEncoding = 4; lastKnownFileType = sourcecode.cpp.cpp; path = pushEventHandler.cpp; sourceTree = "<group>"; };
		1B213FB0192CE52300FE3C95 /* roleRequest.cpp */ = {isa = PBXFileReference; fileEncoding = 4; lastKnownFileType = sourcecode.cpp.cpp; path = roleRequest.cpp; sourceTree = "<group>"; };
		1B213FD0192CFCB500FE3C95 /* FLTextInput.cpp */ = {isa = PBXFileReference; fileEncoding = 4; lastKnownFileType = sourcecode.cpp.cpp; path = FLTextInput.cpp; sourceTree = "<group>"; };
		1B213FD1192CFCB500FE3C95 /* FLTextInput.h */ = {isa = PBXFileReference; fileEncoding = 4; lastKnownFileType = sourcecode.c.h; path = FLTextInput.h; sourceTree = "<group>"; };
		1B3E73BD191BCD0100DBB93C /* BattleRequest.cpp */ = {isa = PBXFileReference; fileEncoding = 4; lastKnownFileType = sourcecode.cpp.cpp; path = BattleRequest.cpp; sourceTree = "<group>"; };
		1B3E73C1191BE39200DBB93C /* FLPlayer.cpp */ = {isa = PBXFileReference; fileEncoding = 4; lastKnownFileType = sourcecode.cpp.cpp; name = FLPlayer.cpp; path = ../../src/entity/FLPlayer.cpp; sourceTree = "<group>"; };
		1B3E73C2191BE39200DBB93C /* FLPlayer.h */ = {isa = PBXFileReference; fileEncoding = 4; lastKnownFileType = sourcecode.c.h; name = FLPlayer.h; path = ../../src/entity/FLPlayer.h; sourceTree = "<group>"; };
		1B5347AE1913D38C00EB74AE /* jansson-impl.hpp */ = {isa = PBXFileReference; fileEncoding = 4; lastKnownFileType = sourcecode.cpp.h; path = "jansson-impl.hpp"; sourceTree = "<group>"; };
		1B5347AF1913D38C00EB74AE /* jansson.hpp */ = {isa = PBXFileReference; fileEncoding = 4; lastKnownFileType = sourcecode.cpp.h; path = jansson.hpp; sourceTree = "<group>"; };
		1B5347B01913D38C00EB74AE /* PomeloConnection.cpp */ = {isa = PBXFileReference; fileEncoding = 4; lastKnownFileType = sourcecode.cpp.cpp; path = PomeloConnection.cpp; sourceTree = "<group>"; };
		1B5347B11913D38C00EB74AE /* PomeloConnection.h */ = {isa = PBXFileReference; fileEncoding = 4; lastKnownFileType = sourcecode.c.h; path = PomeloConnection.h; sourceTree = "<group>"; };
		1B5347B21913D38C00EB74AE /* ResMgr.cpp */ = {isa = PBXFileReference; fileEncoding = 4; lastKnownFileType = sourcecode.cpp.cpp; path = ResMgr.cpp; sourceTree = "<group>"; };
		1B5347B31913D38C00EB74AE /* ResMgr.h */ = {isa = PBXFileReference; fileEncoding = 4; lastKnownFileType = sourcecode.c.h; path = ResMgr.h; sourceTree = "<group>"; };
		1B5347B61913D38C00EB74AE /* ConfigHolder.h */ = {isa = PBXFileReference; fileEncoding = 4; lastKnownFileType = sourcecode.c.h; path = ConfigHolder.h; sourceTree = "<group>"; };
		1B5347B71913D38C00EB74AE /* ConfigHolder.hpp */ = {isa = PBXFileReference; fileEncoding = 4; lastKnownFileType = sourcecode.cpp.h; path = ConfigHolder.hpp; sourceTree = "<group>"; };
		1B5347B91913D38C00EB74AE /* testConfigHolder.cpp */ = {isa = PBXFileReference; fileEncoding = 4; lastKnownFileType = sourcecode.cpp.cpp; path = testConfigHolder.cpp; sourceTree = "<group>"; };
		1B5347BA1913D38C00EB74AE /* testConfigHolder.h */ = {isa = PBXFileReference; fileEncoding = 4; lastKnownFileType = sourcecode.c.h; path = testConfigHolder.h; sourceTree = "<group>"; };
		1B5347BE1913D38C00EB74AE /* AppDelegate.cpp */ = {isa = PBXFileReference; fileEncoding = 4; lastKnownFileType = sourcecode.cpp.cpp; path = AppDelegate.cpp; sourceTree = "<group>"; };
		1B5347BF1913D38C00EB74AE /* AppDelegate.h */ = {isa = PBXFileReference; fileEncoding = 4; lastKnownFileType = sourcecode.c.h; path = AppDelegate.h; sourceTree = "<group>"; };
		1B5347C01913D38C00EB74AE /* AppMacros.h */ = {isa = PBXFileReference; fileEncoding = 4; lastKnownFileType = sourcecode.c.h; path = AppMacros.h; sourceTree = "<group>"; };
		1B5347C11913D38C00EB74AE /* GameScene.cpp */ = {isa = PBXFileReference; fileEncoding = 4; lastKnownFileType = sourcecode.cpp.cpp; path = GameScene.cpp; sourceTree = "<group>"; };
		1B5347C21913D38C00EB74AE /* GameScene.h */ = {isa = PBXFileReference; fileEncoding = 4; lastKnownFileType = sourcecode.c.h; path = GameScene.h; sourceTree = "<group>"; };
		1B5347C41913D38C00EB74AE /* LoginRequest.cpp */ = {isa = PBXFileReference; fileEncoding = 4; lastKnownFileType = sourcecode.cpp.cpp; path = LoginRequest.cpp; sourceTree = "<group>"; };
		1B5348B71913D53E00EB74AE /* cocos2dx.xcodeproj */ = {isa = PBXFileReference; lastKnownFileType = "wrapper.pb-project"; name = cocos2dx.xcodeproj; path = ../../deps/cocos2dx/cocos2dx/proj.ios/cocos2dx.xcodeproj; sourceTree = "<group>"; };
		1B5348C01913D65100EB74AE /* libcurl.a */ = {isa = PBXFileReference; lastKnownFileType = archive.ar; name = libcurl.a; path = ../../deps/cocos2dx/cocos2dx/platform/third_party/ios/libraries/libcurl.a; sourceTree = "<group>"; };
		1B5348C11913D65100EB74AE /* libwebp.a */ = {isa = PBXFileReference; lastKnownFileType = archive.ar; name = libwebp.a; path = ../../deps/cocos2dx/cocos2dx/platform/third_party/ios/libraries/libwebp.a; sourceTree = "<group>"; };
		1B5348E01913DDA400EB74AE /* bg.tmx */ = {isa = PBXFileReference; fileEncoding = 4; lastKnownFileType = text.xml; name = bg.tmx; path = ../resources/bg.tmx; sourceTree = "<group>"; };
		1B5348E11913DDA400EB74AE /* block.png */ = {isa = PBXFileReference; lastKnownFileType = image.png; name = block.png; path = ../resources/block.png; sourceTree = "<group>"; };
		1B5348E21913DDA400EB74AE /* fonts */ = {isa = PBXFileReference; lastKnownFileType = folder; name = fonts; path = ../resources/fonts; sourceTree = "<group>"; };
		1B5348E91917C6BE00EB74AE /* GameBlock.cpp */ = {isa = PBXFileReference; fileEncoding = 4; lastKnownFileType = sourcecode.cpp.cpp; path = GameBlock.cpp; sourceTree = "<group>"; };
		1B5348EA1917C6BE00EB74AE /* GameBlock.h */ = {isa = PBXFileReference; fileEncoding = 4; lastKnownFileType = sourcecode.c.h; path = GameBlock.h; sourceTree = "<group>"; };
		1B536F0B19210BA90042886E /* PlayerInfoScene.cpp */ = {isa = PBXFileReference; fileEncoding = 4; lastKnownFileType = sourcecode.cpp.cpp; path = PlayerInfoScene.cpp; sourceTree = "<group>"; };
		1B536F0C19210BA90042886E /* PlayerInfoScene.h */ = {isa = PBXFileReference; fileEncoding = 4; lastKnownFileType = sourcecode.c.h; path = PlayerInfoScene.h; sourceTree = "<group>"; };
		1B6BB73A19265D4300DAC401 /* RegisterScene.cpp */ = {isa = PBXFileReference; fileEncoding = 4; lastKnownFileType = sourcecode.cpp.cpp; path = RegisterScene.cpp; sourceTree = "<group>"; };
		1B6BB73B19265D4300DAC401 /* RegisterScene.h */ = {isa = PBXFileReference; fileEncoding = 4; lastKnownFileType = sourcecode.c.h; path = RegisterScene.h; sourceTree = "<group>"; };
		1BAE20CF191E30720072627B /* FLBattle.cpp */ = {isa = PBXFileReference; fileEncoding = 4; lastKnownFileType = sourcecode.cpp.cpp; name = FLBattle.cpp; path = ../../src/entity/FLBattle.cpp; sourceTree = "<group>"; };
		1BAE20D0191E30720072627B /* FLBattle.h */ = {isa = PBXFileReference; fileEncoding = 4; lastKnownFileType = sourcecode.c.h; name = FLBattle.h; path = ../../src/entity/FLBattle.h; sourceTree = "<group>"; };
		1BDB389B1924F48B00380F47 /* libWeiboSDK.a */ = {isa = PBXFileReference; lastKnownFileType = archive.ar; name = libWeiboSDK.a; path = ../../deps/weibo_ios_sdk/libWeiboSDK/libWeiboSDK.a; sourceTree = "<group>"; };
		1BDB389C1924F48B00380F47 /* WeiboSDK.bundle */ = {isa = PBXFileReference; lastKnownFileType = "wrapper.plug-in"; name = WeiboSDK.bundle; path = ../../deps/weibo_ios_sdk/libWeiboSDK/WeiboSDK.bundle; sourceTree = "<group>"; };
		1BDB389D1924F48B00380F47 /* WeiboSDK.h */ = {isa = PBXFileReference; fileEncoding = 4; lastKnownFileType = sourcecode.c.h; name = WeiboSDK.h; path = ../../deps/weibo_ios_sdk/libWeiboSDK/WeiboSDK.h; sourceTree = "<group>"; };
		1D30AB110D05D00D00671497 /* Foundation.framework */ = {isa = PBXFileReference; lastKnownFileType = wrapper.framework; name = Foundation.framework; path = System/Library/Frameworks/Foundation.framework; sourceTree = SDKROOT; };
		1D6058910D05DD3D006BFB54 /* HelloCpp.app */ = {isa = PBXFileReference; explicitFileType = wrapper.application; includeInIndex = 0; path = HelloCpp.app; sourceTree = BUILT_PRODUCTS_DIR; };
		1DF5F4DF0D08C38300B7A737 /* UIKit.framework */ = {isa = PBXFileReference; lastKnownFileType = wrapper.framework; name = UIKit.framework; path = System/Library/Frameworks/UIKit.framework; sourceTree = SDKROOT; };
		288765A40DF7441C002DB57D /* CoreGraphics.framework */ = {isa = PBXFileReference; lastKnownFileType = wrapper.framework; name = CoreGraphics.framework; path = System/Library/Frameworks/CoreGraphics.framework; sourceTree = SDKROOT; };
		7855E0DF153FEF240059DD9A /* Default.png */ = {isa = PBXFileReference; lastKnownFileType = image.png; path = Default.png; sourceTree = SOURCE_ROOT; };
		BF170DB012928DE900B8313A /* OpenGLES.framework */ = {isa = PBXFileReference; lastKnownFileType = wrapper.framework; name = OpenGLES.framework; path = System/Library/Frameworks/OpenGLES.framework; sourceTree = SDKROOT; };
		BF170DB212928DE900B8313A /* libxml2.dylib */ = {isa = PBXFileReference; lastKnownFileType = "compiled.mach-o.dylib"; name = libxml2.dylib; path = usr/lib/libxml2.dylib; sourceTree = SDKROOT; };
		BF170DB412928DE900B8313A /* libz.dylib */ = {isa = PBXFileReference; lastKnownFileType = "compiled.mach-o.dylib"; name = libz.dylib; path = usr/lib/libz.dylib; sourceTree = SDKROOT; };
		BF1C47EA1293683800B63C5D /* QuartzCore.framework */ = {isa = PBXFileReference; lastKnownFileType = wrapper.framework; name = QuartzCore.framework; path = System/Library/Frameworks/QuartzCore.framework; sourceTree = SDKROOT; };
		D41A0AD0160F154A004552AE /* Default-568h@2x.png */ = {isa = PBXFileReference; lastKnownFileType = image.png; name = "Default-568h@2x.png"; path = "../proj.ios/Default-568h@2x.png"; sourceTree = "<group>"; };
		D446FD6D16102124000ADA7B /* Default@2x.png */ = {isa = PBXFileReference; lastKnownFileType = image.png; name = "Default@2x.png"; path = "../proj.ios/Default@2x.png"; sourceTree = "<group>"; };
		D44C620B132DFF330009C878 /* OpenAL.framework */ = {isa = PBXFileReference; lastKnownFileType = wrapper.framework; name = OpenAL.framework; path = System/Library/Frameworks/OpenAL.framework; sourceTree = SDKROOT; };
		D44C620D132DFF430009C878 /* AVFoundation.framework */ = {isa = PBXFileReference; lastKnownFileType = wrapper.framework; name = AVFoundation.framework; path = System/Library/Frameworks/AVFoundation.framework; sourceTree = SDKROOT; };
		D44C620F132DFF4E0009C878 /* AudioToolbox.framework */ = {isa = PBXFileReference; lastKnownFileType = wrapper.framework; name = AudioToolbox.framework; path = System/Library/Frameworks/AudioToolbox.framework; sourceTree = SDKROOT; };
		D4EF949915BD2D8B00D803EB /* Icon-57.png */ = {isa = PBXFileReference; lastKnownFileType = image.png; name = "Icon-57.png"; path = "../proj.ios/Icon-57.png"; sourceTree = "<group>"; };
		D4EF949B15BD2D8E00D803EB /* Icon-114.png */ = {isa = PBXFileReference; lastKnownFileType = image.png; name = "Icon-114.png"; path = "../proj.ios/Icon-114.png"; sourceTree = "<group>"; };
		D4EF949D15BD2D9600D803EB /* Icon-72.png */ = {isa = PBXFileReference; lastKnownFileType = image.png; name = "Icon-72.png"; path = "../proj.ios/Icon-72.png"; sourceTree = "<group>"; };
		D4EF949F15BD2D9800D803EB /* Icon-144.png */ = {isa = PBXFileReference; lastKnownFileType = image.png; name = "Icon-144.png"; path = "../proj.ios/Icon-144.png"; sourceTree = "<group>"; };
		D4F9F37B12E54555005CA6D2 /* Info.plist */ = {isa = PBXFileReference; fileEncoding = 4; lastKnownFileType = text.plist.xml; path = Info.plist; sourceTree = SOURCE_ROOT; };
/* End PBXFileReference section */

/* Begin PBXFrameworksBuildPhase section */
		1D60588F0D05DD3D006BFB54 /* Frameworks */ = {
			isa = PBXFrameworksBuildPhase;
			buildActionMask = 2147483647;
			files = (
				1B1DE9C9192FB0A300FACB84 /* libjansson.a in Frameworks */,
				1B1DE9CA192FB0A300FACB84 /* libpomelo.a in Frameworks */,
				1B1DE9CB192FB0A300FACB84 /* libuv.a in Frameworks */,
				1B5348C21913D65100EB74AE /* libcurl.a in Frameworks */,
				1B5348C31913D65100EB74AE /* libwebp.a in Frameworks */,
				1BDB389E1924F48B00380F47 /* libWeiboSDK.a in Frameworks */,
				1B5348BF1913D5AA00EB74AE /* libcocos2dx.a in Frameworks */,
				1D60589F0D05DD5A006BFB54 /* Foundation.framework in Frameworks */,
				1DF5F4E00D08C38300B7A737 /* UIKit.framework in Frameworks */,
				288765A50DF7441C002DB57D /* CoreGraphics.framework in Frameworks */,
				BF171245129291EC00B8313A /* OpenGLES.framework in Frameworks */,
				BF1712461292920000B8313A /* libxml2.dylib in Frameworks */,
				BF1712471292920000B8313A /* libz.dylib in Frameworks */,
				BF1C47F01293687400B63C5D /* QuartzCore.framework in Frameworks */,
				D44C620C132DFF330009C878 /* OpenAL.framework in Frameworks */,
				D44C620E132DFF430009C878 /* AVFoundation.framework in Frameworks */,
				D44C6210132DFF4E0009C878 /* AudioToolbox.framework in Frameworks */,
			);
			runOnlyForDeploymentPostprocessing = 0;
		};
/* End PBXFrameworksBuildPhase section */

/* Begin PBXGroup section */
		080E96DDFE201D6D7F000001 /* ios */ = {
			isa = PBXGroup;
			children = (
				1AC3624216D4A1E8000847F2 /* AppController.h */,
				1AC3624316D4A1E8000847F2 /* AppController.mm */,
				D4F9F37B12E54555005CA6D2 /* Info.plist */,
				1AC3624516D4A1E8000847F2 /* main.m */,
				1AC3624616D4A1E8000847F2 /* Prefix.pch */,
				1AFCDA8016D4A25900906EA6 /* RootViewController.h */,
				1AFCDA8116D4A25900906EA6 /* RootViewController.mm */,
			);
			name = ios;
			path = Classes;
			sourceTree = "<group>";
		};
		19C28FACFE9D520D11CA2CBB /* Products */ = {
			isa = PBXGroup;
			children = (
				1D6058910D05DD3D006BFB54 /* HelloCpp.app */,
			);
			name = Products;
			sourceTree = "<group>";
		};
		1AB87036175E0A92005D39BF /* libwebsockets */ = {
			isa = PBXGroup;
			children = (
				1AB87037175E0A92005D39BF /* ios */,
			);
			name = libwebsockets;
			path = ../../../external/libwebsockets;
			sourceTree = "<group>";
		};
		1AB87037175E0A92005D39BF /* ios */ = {
			isa = PBXGroup;
			children = (
				1AB87038175E0A92005D39BF /* include */,
				1AB8703A175E0A92005D39BF /* lib */,
			);
			path = ios;
			sourceTree = "<group>";
		};
		1AB87038175E0A92005D39BF /* include */ = {
			isa = PBXGroup;
			children = (
				1AB87039175E0A92005D39BF /* libwebsockets.h */,
			);
			path = include;
			sourceTree = "<group>";
		};
		1AB8703A175E0A92005D39BF /* lib */ = {
			isa = PBXGroup;
			children = (
				1AB8703B175E0A92005D39BF /* libwebsockets.a */,
			);
			path = lib;
			sourceTree = "<group>";
		};
		1B1DE99A192FB07100FACB84 /* Products */ = {
			isa = PBXGroup;
			children = (
				1B1DE9A8192FB07100FACB84 /* libpomelo.a */,
				1B1DE9AA192FB07100FACB84 /* destroy */,
				1B1DE9AC192FB07100FACB84 /* notify */,
				1B1DE9AE192FB07100FACB84 /* request */,
				1B1DE9B0192FB07100FACB84 /* echo */,
				1B1DE9B2192FB07100FACB84 /* echo2 */,
				1B1DE9B4192FB07100FACB84 /* test_protobuf */,
				1B1DE9B6192FB07100FACB84 /* robot_chat */,
			);
			name = Products;
			sourceTree = "<group>";
		};
		1B1DE9B8192FB07F00FACB84 /* Products */ = {
			isa = PBXGroup;
			children = (
				1B1DE9BC192FB07F00FACB84 /* libjansson.a */,
			);
			name = Products;
			sourceTree = "<group>";
		};
		1B1DE9BE192FB09100FACB84 /* Products */ = {
			isa = PBXGroup;
			children = (
				1B1DE9C2192FB09100FACB84 /* libuv.a */,
			);
			name = Products;
			sourceTree = "<group>";
		};
		1B3E73C0191BE35800DBB93C /* entity */ = {
			isa = PBXGroup;
			children = (
				1BAE20CF191E30720072627B /* FLBattle.cpp */,
				1BAE20D0191E30720072627B /* FLBattle.h */,
				1B3E73C1191BE39200DBB93C /* FLPlayer.cpp */,
				1B3E73C2191BE39200DBB93C /* FLPlayer.h */,
			);
			name = entity;
			sourceTree = "<group>";
		};
		1B5347AB1913D36300EB74AE /* fallingsky */ = {
			isa = PBXGroup;
			children = (
				1B3E73C0191BE35800DBB93C /* entity */,
				1B5347AC1913D38C00EB74AE /* common */,
				1B5347B51913D38C00EB74AE /* config */,
				1B5347BD1913D38C00EB74AE /* game */,
				1B5347C31913D38C00EB74AE /* net */,
			);
			name = fallingsky;
			sourceTree = "<group>";
		};
		1B5347AC1913D38C00EB74AE /* common */ = {
			isa = PBXGroup;
			children = (
				1B5347AE1913D38C00EB74AE /* jansson-impl.hpp */,
				1B5347AF1913D38C00EB74AE /* jansson.hpp */,
				1B5347B01913D38C00EB74AE /* PomeloConnection.cpp */,
				1B5347B11913D38C00EB74AE /* PomeloConnection.h */,
				1B5347B21913D38C00EB74AE /* ResMgr.cpp */,
				1B5347B31913D38C00EB74AE /* ResMgr.h */,
				1B213FD0192CFCB500FE3C95 /* FLTextInput.cpp */,
				1B213FD1192CFCB500FE3C95 /* FLTextInput.h */,
			);
			name = common;
			path = ../../src/common;
			sourceTree = "<group>";
		};
		1B5347B51913D38C00EB74AE /* config */ = {
			isa = PBXGroup;
			children = (
				1B5347B61913D38C00EB74AE /* ConfigHolder.h */,
				1B5347B71913D38C00EB74AE /* ConfigHolder.hpp */,
				1B5347B81913D38C00EB74AE /* srcgen */,
			);
			name = config;
			path = ../../src/config;
			sourceTree = "<group>";
		};
		1B5347B81913D38C00EB74AE /* srcgen */ = {
			isa = PBXGroup;
			children = (
				1B5347B91913D38C00EB74AE /* testConfigHolder.cpp */,
				1B5347BA1913D38C00EB74AE /* testConfigHolder.h */,
			);
			path = srcgen;
			sourceTree = "<group>";
		};
		1B5347BD1913D38C00EB74AE /* game */ = {
			isa = PBXGroup;
			children = (
				1B5348E91917C6BE00EB74AE /* GameBlock.cpp */,
				1B5348EA1917C6BE00EB74AE /* GameBlock.h */,
				1B5347BE1913D38C00EB74AE /* AppDelegate.cpp */,
				1B5347BF1913D38C00EB74AE /* AppDelegate.h */,
				1B5347C01913D38C00EB74AE /* AppMacros.h */,
				1B5347C11913D38C00EB74AE /* GameScene.cpp */,
				1B5347C21913D38C00EB74AE /* GameScene.h */,
				1B536F0B19210BA90042886E /* PlayerInfoScene.cpp */,
				1B536F0C19210BA90042886E /* PlayerInfoScene.h */,
				1B6BB73A19265D4300DAC401 /* RegisterScene.cpp */,
				1B6BB73B19265D4300DAC401 /* RegisterScene.h */,
			);
			name = game;
			path = ../../src/game;
			sourceTree = "<group>";
		};
		1B5347C31913D38C00EB74AE /* net */ = {
			isa = PBXGroup;
			children = (
				1B213FAD192CE52300FE3C95 /* GameProtoHandler.cpp */,
				1B213FAE192CE52300FE3C95 /* GameProtoHandler.h */,
				1B213FAF192CE52300FE3C95 /* pushEventHandler.cpp */,
				1B213FB0192CE52300FE3C95 /* roleRequest.cpp */,
				1B3E73BD191BCD0100DBB93C /* BattleRequest.cpp */,
				1B5347C41913D38C00EB74AE /* LoginRequest.cpp */,
			);
			name = net;
			path = ../../src/net;
			sourceTree = "<group>";
		};
		1B5348B81913D53E00EB74AE /* Products */ = {
			isa = PBXGroup;
			children = (
				1B5348BC1913D53F00EB74AE /* libcocos2dx.a */,
			);
			name = Products;
			sourceTree = "<group>";
		};
		1B5348D01913DCCA00EB74AE /* libpomelo */ = {
			isa = PBXGroup;
			children = (
				1B1DE9BD192FB09100FACB84 /* uv.xcodeproj */,
				1B1DE9B7192FB07F00FACB84 /* jansson.xcodeproj */,
				1B1DE999192FB07100FACB84 /* pomelo.xcodeproj */,
			);
			name = libpomelo;
			sourceTree = "<group>";
		};
		1BDB389A1924F47000380F47 /* weibosdk */ = {
			isa = PBXGroup;
			children = (
				1BDB389B1924F48B00380F47 /* libWeiboSDK.a */,
				1BDB389C1924F48B00380F47 /* WeiboSDK.bundle */,
				1BDB389D1924F48B00380F47 /* WeiboSDK.h */,
			);
			name = weibosdk;
			sourceTree = "<group>";
		};
		29B97314FDCFA39411CA2CEA /* CustomTemplate */ = {
			isa = PBXGroup;
			children = (
				1BDB389A1924F47000380F47 /* weibosdk */,
				1B5348D01913DCCA00EB74AE /* libpomelo */,
				1B5348B71913D53E00EB74AE /* cocos2dx.xcodeproj */,
				1B5347AB1913D36300EB74AE /* fallingsky */,
				29B97323FDCFA39411CA2CEA /* Frameworks */,
				080E96DDFE201D6D7F000001 /* ios */,
				1AB87036175E0A92005D39BF /* libwebsockets */,
				19C28FACFE9D520D11CA2CBB /* Products */,
				78C7DDAA14EBA5050085D0C2 /* Resources */,
			);
			name = CustomTemplate;
			sourceTree = "<group>";
		};
		29B97323FDCFA39411CA2CEA /* Frameworks */ = {
			isa = PBXGroup;
			children = (
				1B5348C01913D65100EB74AE /* libcurl.a */,
				1B5348C11913D65100EB74AE /* libwebp.a */,
				1ACB3243164770DE00914215 /* libcurl.a */,
				BF170DB212928DE900B8313A /* libxml2.dylib */,
				BF170DB412928DE900B8313A /* libz.dylib */,
				D44C620F132DFF4E0009C878 /* AudioToolbox.framework */,
				D44C620D132DFF430009C878 /* AVFoundation.framework */,
				288765A40DF7441C002DB57D /* CoreGraphics.framework */,
				1D30AB110D05D00D00671497 /* Foundation.framework */,
				D44C620B132DFF330009C878 /* OpenAL.framework */,
				BF170DB012928DE900B8313A /* OpenGLES.framework */,
				BF1C47EA1293683800B63C5D /* QuartzCore.framework */,
				1DF5F4DF0D08C38300B7A737 /* UIKit.framework */,
			);
			name = Frameworks;
			sourceTree = "<group>";
		};
		78C7DDAA14EBA5050085D0C2 /* Resources */ = {
			isa = PBXGroup;
			children = (
				1B5348E01913DDA400EB74AE /* bg.tmx */,
				1B5348E11913DDA400EB74AE /* block.png */,
				1B5348E21913DDA400EB74AE /* fonts */,
				D41A0AD0160F154A004552AE /* Default-568h@2x.png */,
				7855E0DF153FEF240059DD9A /* Default.png */,
				D446FD6D16102124000ADA7B /* Default@2x.png */,
				D4EF949B15BD2D8E00D803EB /* Icon-114.png */,
				D4EF949F15BD2D9800D803EB /* Icon-144.png */,
				D4EF949915BD2D8B00D803EB /* Icon-57.png */,
				D4EF949D15BD2D9600D803EB /* Icon-72.png */,
			);
			name = Resources;
			path = ../Resources;
			sourceTree = "<group>";
		};
/* End PBXGroup section */

/* Begin PBXNativeTarget section */
		1D6058900D05DD3D006BFB54 /* HelloCpp */ = {
			isa = PBXNativeTarget;
			buildConfigurationList = 1D6058960D05DD3E006BFB54 /* Build configuration list for PBXNativeTarget "HelloCpp" */;
			buildPhases = (
				1D60588D0D05DD3D006BFB54 /* Resources */,
				1D60588E0D05DD3D006BFB54 /* Sources */,
				1D60588F0D05DD3D006BFB54 /* Frameworks */,
			);
			buildRules = (
			);
			dependencies = (
				1B1DE9C4192FB09A00FACB84 /* PBXTargetDependency */,
				1B1DE9C6192FB09A00FACB84 /* PBXTargetDependency */,
				1B1DE9C8192FB09A00FACB84 /* PBXTargetDependency */,
				1B5348BE1913D57900EB74AE /* PBXTargetDependency */,
			);
			name = HelloCpp;
			productName = iphone;
			productReference = 1D6058910D05DD3D006BFB54 /* HelloCpp.app */;
			productType = "com.apple.product-type.application";
		};
/* End PBXNativeTarget section */

/* Begin PBXProject section */
		29B97313FDCFA39411CA2CEA /* Project object */ = {
			isa = PBXProject;
			attributes = {
				LastUpgradeCheck = 0430;
			};
			buildConfigurationList = C01FCF4E08A954540054247B /* Build configuration list for PBXProject "HelloCpp" */;
			compatibilityVersion = "Xcode 3.2";
			developmentRegion = English;
			hasScannedForEncodings = 1;
			knownRegions = (
				English,
				Japanese,
				French,
				German,
			);
			mainGroup = 29B97314FDCFA39411CA2CEA /* CustomTemplate */;
			projectDirPath = "";
			projectReferences = (
				{
					ProductGroup = 1B5348B81913D53E00EB74AE /* Products */;
					ProjectRef = 1B5348B71913D53E00EB74AE /* cocos2dx.xcodeproj */;
				},
				{
					ProductGroup = 1B1DE9B8192FB07F00FACB84 /* Products */;
					ProjectRef = 1B1DE9B7192FB07F00FACB84 /* jansson.xcodeproj */;
				},
				{
					ProductGroup = 1B1DE99A192FB07100FACB84 /* Products */;
					ProjectRef = 1B1DE999192FB07100FACB84 /* pomelo.xcodeproj */;
				},
				{
					ProductGroup = 1B1DE9BE192FB09100FACB84 /* Products */;
					ProjectRef = 1B1DE9BD192FB09100FACB84 /* uv.xcodeproj */;
				},
			);
			projectRoot = "";
			targets = (
				1D6058900D05DD3D006BFB54 /* HelloCpp */,
			);
		};
/* End PBXProject section */

/* Begin PBXReferenceProxy section */
		1B1DE9A8192FB07100FACB84 /* libpomelo.a */ = {
			isa = PBXReferenceProxy;
			fileType = archive.ar;
			path = libpomelo.a;
			remoteRef = 1B1DE9A7192FB07100FACB84 /* PBXContainerItemProxy */;
			sourceTree = BUILT_PRODUCTS_DIR;
		};
		1B1DE9AA192FB07100FACB84 /* destroy */ = {
			isa = PBXReferenceProxy;
			fileType = "compiled.mach-o.executable";
			path = destroy;
			remoteRef = 1B1DE9A9192FB07100FACB84 /* PBXContainerItemProxy */;
			sourceTree = BUILT_PRODUCTS_DIR;
		};
		1B1DE9AC192FB07100FACB84 /* notify */ = {
			isa = PBXReferenceProxy;
			fileType = "compiled.mach-o.executable";
			path = notify;
			remoteRef = 1B1DE9AB192FB07100FACB84 /* PBXContainerItemProxy */;
			sourceTree = BUILT_PRODUCTS_DIR;
		};
		1B1DE9AE192FB07100FACB84 /* request */ = {
			isa = PBXReferenceProxy;
			fileType = "compiled.mach-o.executable";
			path = request;
			remoteRef = 1B1DE9AD192FB07100FACB84 /* PBXContainerItemProxy */;
			sourceTree = BUILT_PRODUCTS_DIR;
		};
		1B1DE9B0192FB07100FACB84 /* echo */ = {
			isa = PBXReferenceProxy;
			fileType = "compiled.mach-o.executable";
			path = echo;
			remoteRef = 1B1DE9AF192FB07100FACB84 /* PBXContainerItemProxy */;
			sourceTree = BUILT_PRODUCTS_DIR;
		};
		1B1DE9B2192FB07100FACB84 /* echo2 */ = {
			isa = PBXReferenceProxy;
			fileType = "compiled.mach-o.executable";
			path = echo2;
			remoteRef = 1B1DE9B1192FB07100FACB84 /* PBXContainerItemProxy */;
			sourceTree = BUILT_PRODUCTS_DIR;
		};
		1B1DE9B4192FB07100FACB84 /* test_protobuf */ = {
			isa = PBXReferenceProxy;
			fileType = "compiled.mach-o.executable";
			path = test_protobuf;
			remoteRef = 1B1DE9B3192FB07100FACB84 /* PBXContainerItemProxy */;
			sourceTree = BUILT_PRODUCTS_DIR;
		};
		1B1DE9B6192FB07100FACB84 /* robot_chat */ = {
			isa = PBXReferenceProxy;
			fileType = "compiled.mach-o.executable";
			path = robot_chat;
			remoteRef = 1B1DE9B5192FB07100FACB84 /* PBXContainerItemProxy */;
			sourceTree = BUILT_PRODUCTS_DIR;
		};
		1B1DE9BC192FB07F00FACB84 /* libjansson.a */ = {
			isa = PBXReferenceProxy;
			fileType = archive.ar;
			path = libjansson.a;
			remoteRef = 1B1DE9BB192FB07F00FACB84 /* PBXContainerItemProxy */;
			sourceTree = BUILT_PRODUCTS_DIR;
		};
		1B1DE9C2192FB09100FACB84 /* libuv.a */ = {
			isa = PBXReferenceProxy;
			fileType = archive.ar;
			path = libuv.a;
			remoteRef = 1B1DE9C1192FB09100FACB84 /* PBXContainerItemProxy */;
			sourceTree = BUILT_PRODUCTS_DIR;
		};
		1B5348BC1913D53F00EB74AE /* libcocos2dx.a */ = {
			isa = PBXReferenceProxy;
			fileType = archive.ar;
			path = libcocos2dx.a;
			remoteRef = 1B5348BB1913D53F00EB74AE /* PBXContainerItemProxy */;
			sourceTree = BUILT_PRODUCTS_DIR;
		};
/* End PBXReferenceProxy section */

/* Begin PBXResourcesBuildPhase section */
		1D60588D0D05DD3D006BFB54 /* Resources */ = {
			isa = PBXResourcesBuildPhase;
			buildActionMask = 2147483647;
			files = (
				7855E0E1153FEF240059DD9A /* Default.png in Resources */,
				1B5348E51913DDA400EB74AE /* fonts in Resources */,
				D4EF949A15BD2D8B00D803EB /* Icon-57.png in Resources */,
				D4EF949C15BD2D8E00D803EB /* Icon-114.png in Resources */,
				D4EF949E15BD2D9600D803EB /* Icon-72.png in Resources */,
				D4EF94A015BD2D9800D803EB /* Icon-144.png in Resources */,
				D41A0AD1160F154A004552AE /* Default-568h@2x.png in Resources */,
				D446FD6E16102124000ADA7B /* Default@2x.png in Resources */,
				1B5348E31913DDA400EB74AE /* bg.tmx in Resources */,
				1BDB389F1924F48B00380F47 /* WeiboSDK.bundle in Resources */,
				1B5348E41913DDA400EB74AE /* block.png in Resources */,
			);
			runOnlyForDeploymentPostprocessing = 0;
		};
/* End PBXResourcesBuildPhase section */

/* Begin PBXSourcesBuildPhase section */
		1D60588E0D05DD3D006BFB54 /* Sources */ = {
			isa = PBXSourcesBuildPhase;
			buildActionMask = 2147483647;
			files = (
				1B5347CC1913D38C00EB74AE /* GameScene.cpp in Sources */,
				1B213FD2192CFCB500FE3C95 /* FLTextInput.cpp in Sources */,
				1B213FB1192CE52300FE3C95 /* GameProtoHandler.cpp in Sources */,
				1BAE20D1191E30720072627B /* FLBattle.cpp in Sources */,
				1B5347C91913D38C00EB74AE /* testConfigHolder.cpp in Sources */,
				1B213FB2192CE52300FE3C95 /* pushEventHandler.cpp in Sources */,
				1B5347CB1913D38C00EB74AE /* AppDelegate.cpp in Sources */,
				1AC3624916D4A1E8000847F2 /* AppController.mm in Sources */,
				1B536F0D19210BA90042886E /* PlayerInfoScene.cpp in Sources */,
				1B3E73C3191BE39200DBB93C /* FLPlayer.cpp in Sources */,
				1B5347C61913D38C00EB74AE /* PomeloConnection.cpp in Sources */,
				1B3E73BF191BCD0100DBB93C /* BattleRequest.cpp in Sources */,
				1B213FB3192CE52300FE3C95 /* roleRequest.cpp in Sources */,
				1B5347C71913D38C00EB74AE /* ResMgr.cpp in Sources */,
				1AC3624B16D4A1E8000847F2 /* main.m in Sources */,
				1B6BB73C19265D4300DAC401 /* RegisterScene.cpp in Sources */,
				1B5348EB1917C6BE00EB74AE /* GameBlock.cpp in Sources */,
				1B5347CD1913D38C00EB74AE /* LoginRequest.cpp in Sources */,
				1AFCDA8216D4A25900906EA6 /* RootViewController.mm in Sources */,
			);
			runOnlyForDeploymentPostprocessing = 0;
		};
/* End PBXSourcesBuildPhase section */

/* Begin PBXTargetDependency section */
		1B1DE9C4192FB09A00FACB84 /* PBXTargetDependency */ = {
			isa = PBXTargetDependency;
			name = libuv;
			targetProxy = 1B1DE9C3192FB09A00FACB84 /* PBXContainerItemProxy */;
		};
		1B1DE9C6192FB09A00FACB84 /* PBXTargetDependency */ = {
			isa = PBXTargetDependency;
			name = jansson;
			targetProxy = 1B1DE9C5192FB09A00FACB84 /* PBXContainerItemProxy */;
		};
		1B1DE9C8192FB09A00FACB84 /* PBXTargetDependency */ = {
			isa = PBXTargetDependency;
			name = libpomelo;
			targetProxy = 1B1DE9C7192FB09A00FACB84 /* PBXContainerItemProxy */;
		};
		1B5348BE1913D57900EB74AE /* PBXTargetDependency */ = {
			isa = PBXTargetDependency;
			name = cocos2dx;
			targetProxy = 1B5348BD1913D57900EB74AE /* PBXContainerItemProxy */;
		};
/* End PBXTargetDependency section */

/* Begin XCBuildConfiguration section */
		1D6058940D05DD3E006BFB54 /* Debug */ = {
			isa = XCBuildConfiguration;
			buildSettings = {
				ALWAYS_SEARCH_USER_PATHS = NO;
				CODE_SIGN_IDENTITY = "iPhone Developer";
				"CODE_SIGN_IDENTITY[sdk=iphoneos*]" = "iPhone Developer";
				COPY_PHASE_STRIP = NO;
				GCC_DYNAMIC_NO_PIC = NO;
				GCC_INLINES_ARE_PRIVATE_EXTERN = NO;
				GCC_OPTIMIZATION_LEVEL = 0;
				GCC_PRECOMPILE_PREFIX_HEADER = YES;
				GCC_PREFIX_HEADER = Prefix.pch;
				GCC_PREPROCESSOR_DEFINITIONS = (
					USE_FILE32API,
					CC_TARGET_OS_IPHONE,
					"COCOS2D_DEBUG=1",
					CC_ENABLE_CHIPMUNK_INTEGRATION,
				);
				GCC_SYMBOLS_PRIVATE_EXTERN = NO;
				GCC_VERSION = "";
				HEADER_SEARCH_PATHS = (
					"$(SRCROOT)/../../deps/cocos2dx/CocosDenshion/include",
					"\"$(SRCROOT)/../../deps/cocos2dx/extensions\"",
					"\"$(SRCROOT)/../../deps/cocos2dx/cocos2dx/kazmath/include\"",
					"\"$(SRCROOT)/../../deps/cocos2dx/cocos2dx\"",
					"\"$(SRCROOT)/../../deps/cocos2dx/cocos2dx/include\"",
					"\"$(SRCROOT)/../../deps/cocos2dx/cocos2dx/platform/third_party/ios\"",
					"\"$(SRCROOT)/../../deps/cocos2dx/cocos2dx/platform/ios\"",
					"\"$(SRCROOT)/../../deps/cocos2dx/cocos2dx/platform/ios/Simulation\"",
					"\"$(SRCROOT)/../../deps/libpomelo/include\"",
					"\"$(SRCROOT)/../../deps/libpomelo/deps/jansson/src\"",
					"\"$(SRCROOT)/../../deps/libpomelo/deps/uv/include\"",
					"\"$(SRCROOT)/../../src\"",
					"\"$(SRCROOT)/../../deps/weibo_ios_sdk/libWeiboSDK\"",
				);
				INFOPLIST_FILE = Info.plist;
				IPHONEOS_DEPLOYMENT_TARGET = 4.0;
				LIBRARY_SEARCH_PATHS = (
					"\"$(SRCROOT)/../../deps/cocos2dx/cocos2dx/platform/third_party/ios/libraries\"",
					"\"$(SRCROOT)/../../deps/cocos2dx/external/libwebsockets/ios/lib\"",
					"\"$(SRCROOT)/../../deps/cocos2dx/cocos2dx/platform/third_party/ios/libraries\"",
					"\"$(SRCROOT)/../../deps/weibo_ios_sdk/libWeiboSDK\"",
				);
				OTHER_CFLAGS = "";
				PRODUCT_NAME = HelloCpp;
				PROVISIONING_PROFILE = "";
				"PROVISIONING_PROFILE[sdk=iphoneos*]" = "";
				SDKROOT = iphoneos;
				TARGETED_DEVICE_FAMILY = "1,2";
				USER_HEADER_SEARCH_PATHS = "";
				VALID_ARCHS = "armv6 armv7 i386";
			};
			name = Debug;
		};
		1D6058950D05DD3E006BFB54 /* Release */ = {
			isa = XCBuildConfiguration;
			buildSettings = {
				ALWAYS_SEARCH_USER_PATHS = NO;
				CODE_SIGN_IDENTITY = "iPhone Developer";
				"CODE_SIGN_IDENTITY[sdk=iphoneos*]" = "iPhone Developer";
				COPY_PHASE_STRIP = YES;
				GCC_INLINES_ARE_PRIVATE_EXTERN = NO;
				GCC_OPTIMIZATION_LEVEL = 0;
				GCC_PRECOMPILE_PREFIX_HEADER = YES;
				GCC_PREFIX_HEADER = Prefix.pch;
				GCC_PREPROCESSOR_DEFINITIONS = (
					USE_FILE32API,
					CC_TARGET_OS_IPHONE,
					CC_ENABLE_CHIPMUNK_INTEGRATION,
				);
				GCC_SYMBOLS_PRIVATE_EXTERN = NO;
				GCC_VERSION = "";
				HEADER_SEARCH_PATHS = (
					"$(SRCROOT)/../../deps/cocos2dx/CocosDenshion/include",
					"\"$(SRCROOT)/../../deps/cocos2dx/extensions\"",
					"\"$(SRCROOT)/../../deps/cocos2dx/cocos2dx/kazmath/include\"",
					"\"$(SRCROOT)/../../deps/cocos2dx/cocos2dx\"",
					"\"$(SRCROOT)/../../deps/cocos2dx/cocos2dx/include\"",
					"\"$(SRCROOT)/../../deps/cocos2dx/cocos2dx/platform/third_party/ios\"",
					"\"$(SRCROOT)/../../deps/cocos2dx/cocos2dx/platform/ios\"",
					"\"$(SRCROOT)/../../deps/cocos2dx/cocos2dx/platform/ios/Simulation\"",
					"\"$(SRCROOT)/../../deps/libpomelo/include\"",
					"\"$(SRCROOT)/../../deps/libpomelo/deps/jansson/src\"",
					"\"$(SRCROOT)/../../deps/libpomelo/deps/uv/include\"",
					"\"$(SRCROOT)/../../src\"",
					"\"$(SRCROOT)/../../deps/weibo_ios_sdk/libWeiboSDK\"",
				);
				INFOPLIST_FILE = Info.plist;
				IPHONEOS_DEPLOYMENT_TARGET = 4.0;
				LIBRARY_SEARCH_PATHS = (
					"\"$(SRCROOT)/../../deps/cocos2dx/cocos2dx/platform/third_party/ios/libraries\"",
					"\"$(SRCROOT)/../../deps/cocos2dx/external/libwebsockets/ios/lib\"",
					"\"$(SRCROOT)/../../deps/cocos2dx/cocos2dx/platform/third_party/ios/libraries\"",
					"\"$(SRCROOT)/../../deps/weibo_ios_sdk/libWeiboSDK\"",
				);
				PRODUCT_NAME = HelloCpp;
				PROVISIONING_PROFILE = "";
				"PROVISIONING_PROFILE[sdk=iphoneos*]" = "";
				SDKROOT = iphoneos;
				TARGETED_DEVICE_FAMILY = "1,2";
				USER_HEADER_SEARCH_PATHS = "";
				VALIDATE_PRODUCT = YES;
			};
			name = Release;
		};
		C01FCF4F08A954540054247B /* Debug */ = {
			isa = XCBuildConfiguration;
			buildSettings = {
				ARCHS = "$(ARCHS_STANDARD_32_BIT)";
				GCC_C_LANGUAGE_STANDARD = c99;
				GCC_VERSION = "";
				GCC_WARN_ABOUT_RETURN_TYPE = YES;
				GCC_WARN_UNUSED_VARIABLE = YES;
				SDKROOT = iphoneos;
				VALID_ARCHS = "armv6 armv7 i386";
			};
			name = Debug;
		};
		C01FCF5008A954540054247B /* Release */ = {
			isa = XCBuildConfiguration;
			buildSettings = {
				ARCHS = "$(ARCHS_STANDARD_32_BIT)";
				GCC_C_LANGUAGE_STANDARD = c99;
				GCC_VERSION = "";
				GCC_WARN_ABOUT_RETURN_TYPE = YES;
				GCC_WARN_UNUSED_VARIABLE = YES;
				OTHER_CFLAGS = "-DNS_BLOCK_ASSERTIONS=1";
				SDKROOT = iphoneos;
				VALID_ARCHS = "armv6 armv7 i386";
			};
			name = Release;
		};
/* End XCBuildConfiguration section */

/* Begin XCConfigurationList section */
		1D6058960D05DD3E006BFB54 /* Build configuration list for PBXNativeTarget "HelloCpp" */ = {
			isa = XCConfigurationList;
			buildConfigurations = (
				1D6058940D05DD3E006BFB54 /* Debug */,
				1D6058950D05DD3E006BFB54 /* Release */,
			);
			defaultConfigurationIsVisible = 0;
			defaultConfigurationName = Debug;
		};
		C01FCF4E08A954540054247B /* Build configuration list for PBXProject "HelloCpp" */ = {
			isa = XCConfigurationList;
			buildConfigurations = (
				C01FCF4F08A954540054247B /* Debug */,
				C01FCF5008A954540054247B /* Release */,
			);
			defaultConfigurationIsVisible = 0;
			defaultConfigurationName = Debug;
		};
/* End XCConfigurationList section */
	};
	rootObject = 29B97313FDCFA39411CA2CEA /* Project object */;
}
