
Microsoft Visual Studio Solution File, Format Version 12.00
# Visual Studio 2012
Project("{8BC9CEB8-8B4A-11D0-8D11-00A0C91BC942}") = "hello", "hello.vcxproj", "{E6A12150-BD59-4AE0-8EAC-4D12AF88B11A}"
	ProjectSection(ProjectDependencies) = postProject
		{98A51BA8-FC3A-415B-AC8F-8C7BD464E93E} = {98A51BA8-FC3A-415B-AC8F-8C7BD464E93E}
		{625FF492-B59F-569D-16CD-9D8893159070} = {625FF492-B59F-569D-16CD-9D8893159070}
	EndProjectSection
EndProject
Project("{8BC9CEB8-8B4A-11D0-8D11-00A0C91BC942}") = "libcocos2d", "..\..\deps\cocos2dx\cocos2dx\proj.win32\cocos2d.vcxproj", "{98A51BA8-FC3A-415B-AC8F-8C7BD464E93E}"
EndProject
Project("{8BC9CEB8-8B4A-11D0-8D11-00A0C91BC942}") = "libpomelo", "..\..\deps\libpomelo\libpomelo.vcxproj", "{625FF492-B59F-569D-16CD-9D8893159070}"
	ProjectSection(ProjectDependencies) = postProject
		{603C6853-166F-A229-0CE7-B001CAF96C76} = {603C6853-166F-A229-0CE7-B001CAF96C76}
		{D6F69B1D-C352-4321-DB83-D64F1E7E60C4} = {D6F69B1D-C352-4321-DB83-D64F1E7E60C4}
	EndProjectSection
EndProject
Project("{8BC9CEB8-8B4A-11D0-8D11-00A0C91BC942}") = "jansson", "..\..\deps\libpomelo\deps\jansson\jansson.vcxproj", "{D6F69B1D-C352-4321-DB83-D64F1E7E60C4}"
EndProject
Project("{8BC9CEB8-8B4A-11D0-8D11-00A0C91BC942}") = "libuv", "..\..\deps\libpomelo\deps\uv\libuv.vcxproj", "{603C6853-166F-A229-0CE7-B001CAF96C76}"
EndProject
Project("{8BC9CEB8-8B4A-11D0-8D11-00A0C91BC942}") = "libExtensions", "..\..\deps\cocos2dx\extensions\proj.win32\libExtensions.vcxproj", "{21B2C324-891F-48EA-AD1A-5AE13DE12E28}"
EndProject
Global
	GlobalSection(SolutionConfigurationPlatforms) = preSolution
		Debug|Any CPU = Debug|Any CPU
		Debug|Mixed Platforms = Debug|Mixed Platforms
		Debug|Win32 = Debug|Win32
		Default|Any CPU = Default|Any CPU
		Default|Mixed Platforms = Default|Mixed Platforms
		Default|Win32 = Default|Win32
		DLL Debug|Any CPU = DLL Debug|Any CPU
		DLL Debug|Mixed Platforms = DLL Debug|Mixed Platforms
		DLL Debug|Win32 = DLL Debug|Win32
		DLL Release|Any CPU = DLL Release|Any CPU
		DLL Release|Mixed Platforms = DLL Release|Mixed Platforms
		DLL Release|Win32 = DLL Release|Win32
		Release|Any CPU = Release|Any CPU
		Release|Mixed Platforms = Release|Mixed Platforms
		Release|Win32 = Release|Win32
	EndGlobalSection
	GlobalSection(ProjectConfigurationPlatforms) = postSolution
		{E6A12150-BD59-4AE0-8EAC-4D12AF88B11A}.Debug|Any CPU.ActiveCfg = Debug|Win32
		{E6A12150-BD59-4AE0-8EAC-4D12AF88B11A}.Debug|Mixed Platforms.ActiveCfg = Debug|Win32
		{E6A12150-BD59-4AE0-8EAC-4D12AF88B11A}.Debug|Mixed Platforms.Build.0 = Debug|Win32
		{E6A12150-BD59-4AE0-8EAC-4D12AF88B11A}.Debug|Win32.ActiveCfg = Debug|Win32
		{E6A12150-BD59-4AE0-8EAC-4D12AF88B11A}.Debug|Win32.Build.0 = Debug|Win32
		{E6A12150-BD59-4AE0-8EAC-4D12AF88B11A}.Default|Any CPU.ActiveCfg = Debug|Win32
		{E6A12150-BD59-4AE0-8EAC-4D12AF88B11A}.Default|Mixed Platforms.ActiveCfg = Debug|Win32
		{E6A12150-BD59-4AE0-8EAC-4D12AF88B11A}.Default|Mixed Platforms.Build.0 = Debug|Win32
		{E6A12150-BD59-4AE0-8EAC-4D12AF88B11A}.Default|Win32.ActiveCfg = Debug|Win32
		{E6A12150-BD59-4AE0-8EAC-4D12AF88B11A}.Default|Win32.Build.0 = Debug|Win32
		{E6A12150-BD59-4AE0-8EAC-4D12AF88B11A}.DLL Debug|Any CPU.ActiveCfg = Debug|Win32
		{E6A12150-BD59-4AE0-8EAC-4D12AF88B11A}.DLL Debug|Mixed Platforms.ActiveCfg = Debug|Win32
		{E6A12150-BD59-4AE0-8EAC-4D12AF88B11A}.DLL Debug|Mixed Platforms.Build.0 = Debug|Win32
		{E6A12150-BD59-4AE0-8EAC-4D12AF88B11A}.DLL Debug|Win32.ActiveCfg = Debug|Win32
		{E6A12150-BD59-4AE0-8EAC-4D12AF88B11A}.DLL Debug|Win32.Build.0 = Debug|Win32
		{E6A12150-BD59-4AE0-8EAC-4D12AF88B11A}.DLL Release|Any CPU.ActiveCfg = Release|Win32
		{E6A12150-BD59-4AE0-8EAC-4D12AF88B11A}.DLL Release|Mixed Platforms.ActiveCfg = Release|Win32
		{E6A12150-BD59-4AE0-8EAC-4D12AF88B11A}.DLL Release|Mixed Platforms.Build.0 = Release|Win32
		{E6A12150-BD59-4AE0-8EAC-4D12AF88B11A}.DLL Release|Win32.ActiveCfg = Release|Win32
		{E6A12150-BD59-4AE0-8EAC-4D12AF88B11A}.DLL Release|Win32.Build.0 = Release|Win32
		{E6A12150-BD59-4AE0-8EAC-4D12AF88B11A}.Release|Any CPU.ActiveCfg = Release|Win32
		{E6A12150-BD59-4AE0-8EAC-4D12AF88B11A}.Release|Mixed Platforms.ActiveCfg = Release|Win32
		{E6A12150-BD59-4AE0-8EAC-4D12AF88B11A}.Release|Mixed Platforms.Build.0 = Release|Win32
		{E6A12150-BD59-4AE0-8EAC-4D12AF88B11A}.Release|Win32.ActiveCfg = Release|Win32
		{E6A12150-BD59-4AE0-8EAC-4D12AF88B11A}.Release|Win32.Build.0 = Release|Win32
		{98A51BA8-FC3A-415B-AC8F-8C7BD464E93E}.Debug|Any CPU.ActiveCfg = Debug|Win32
		{98A51BA8-FC3A-415B-AC8F-8C7BD464E93E}.Debug|Mixed Platforms.ActiveCfg = Debug|Win32
		{98A51BA8-FC3A-415B-AC8F-8C7BD464E93E}.Debug|Mixed Platforms.Build.0 = Debug|Win32
		{98A51BA8-FC3A-415B-AC8F-8C7BD464E93E}.Debug|Win32.ActiveCfg = Debug|Win32
		{98A51BA8-FC3A-415B-AC8F-8C7BD464E93E}.Debug|Win32.Build.0 = Debug|Win32
		{98A51BA8-FC3A-415B-AC8F-8C7BD464E93E}.Default|Any CPU.ActiveCfg = Debug|Win32
		{98A51BA8-FC3A-415B-AC8F-8C7BD464E93E}.Default|Mixed Platforms.ActiveCfg = Debug|Win32
		{98A51BA8-FC3A-415B-AC8F-8C7BD464E93E}.Default|Mixed Platforms.Build.0 = Debug|Win32
		{98A51BA8-FC3A-415B-AC8F-8C7BD464E93E}.Default|Win32.ActiveCfg = Debug|Win32
		{98A51BA8-FC3A-415B-AC8F-8C7BD464E93E}.Default|Win32.Build.0 = Debug|Win32
		{98A51BA8-FC3A-415B-AC8F-8C7BD464E93E}.DLL Debug|Any CPU.ActiveCfg = Debug|Win32
		{98A51BA8-FC3A-415B-AC8F-8C7BD464E93E}.DLL Debug|Mixed Platforms.ActiveCfg = Debug|Win32
		{98A51BA8-FC3A-415B-AC8F-8C7BD464E93E}.DLL Debug|Mixed Platforms.Build.0 = Debug|Win32
		{98A51BA8-FC3A-415B-AC8F-8C7BD464E93E}.DLL Debug|Win32.ActiveCfg = Debug|Win32
		{98A51BA8-FC3A-415B-AC8F-8C7BD464E93E}.DLL Debug|Win32.Build.0 = Debug|Win32
		{98A51BA8-FC3A-415B-AC8F-8C7BD464E93E}.DLL Release|Any CPU.ActiveCfg = Release|Win32
		{98A51BA8-FC3A-415B-AC8F-8C7BD464E93E}.DLL Release|Mixed Platforms.ActiveCfg = Release|Win32
		{98A51BA8-FC3A-415B-AC8F-8C7BD464E93E}.DLL Release|Mixed Platforms.Build.0 = Release|Win32
		{98A51BA8-FC3A-415B-AC8F-8C7BD464E93E}.DLL Release|Win32.ActiveCfg = Release|Win32
		{98A51BA8-FC3A-415B-AC8F-8C7BD464E93E}.DLL Release|Win32.Build.0 = Release|Win32
		{98A51BA8-FC3A-415B-AC8F-8C7BD464E93E}.Release|Any CPU.ActiveCfg = Release|Win32
		{98A51BA8-FC3A-415B-AC8F-8C7BD464E93E}.Release|Mixed Platforms.ActiveCfg = Release|Win32
		{98A51BA8-FC3A-415B-AC8F-8C7BD464E93E}.Release|Mixed Platforms.Build.0 = Release|Win32
		{98A51BA8-FC3A-415B-AC8F-8C7BD464E93E}.Release|Win32.ActiveCfg = Release|Win32
		{98A51BA8-FC3A-415B-AC8F-8C7BD464E93E}.Release|Win32.Build.0 = Release|Win32
		{625FF492-B59F-569D-16CD-9D8893159070}.Debug|Any CPU.ActiveCfg = Default|Win32
		{625FF492-B59F-569D-16CD-9D8893159070}.Debug|Mixed Platforms.ActiveCfg = Default|Win32
		{625FF492-B59F-569D-16CD-9D8893159070}.Debug|Mixed Platforms.Build.0 = Default|Win32
		{625FF492-B59F-569D-16CD-9D8893159070}.Debug|Win32.ActiveCfg = Default|Win32
		{625FF492-B59F-569D-16CD-9D8893159070}.Debug|Win32.Build.0 = Default|Win32
		{625FF492-B59F-569D-16CD-9D8893159070}.Default|Any CPU.ActiveCfg = Default|Win32
		{625FF492-B59F-569D-16CD-9D8893159070}.Default|Mixed Platforms.ActiveCfg = Default|Win32
		{625FF492-B59F-569D-16CD-9D8893159070}.Default|Mixed Platforms.Build.0 = Default|Win32
		{625FF492-B59F-569D-16CD-9D8893159070}.Default|Win32.ActiveCfg = Default|Win32
		{625FF492-B59F-569D-16CD-9D8893159070}.Default|Win32.Build.0 = Default|Win32
		{625FF492-B59F-569D-16CD-9D8893159070}.DLL Debug|Any CPU.ActiveCfg = Default|Win32
		{625FF492-B59F-569D-16CD-9D8893159070}.DLL Debug|Mixed Platforms.ActiveCfg = Default|Win32
		{625FF492-B59F-569D-16CD-9D8893159070}.DLL Debug|Mixed Platforms.Build.0 = Default|Win32
		{625FF492-B59F-569D-16CD-9D8893159070}.DLL Debug|Win32.ActiveCfg = Default|Win32
		{625FF492-B59F-569D-16CD-9D8893159070}.DLL Debug|Win32.Build.0 = Default|Win32
		{625FF492-B59F-569D-16CD-9D8893159070}.DLL Release|Any CPU.ActiveCfg = Default|Win32
		{625FF492-B59F-569D-16CD-9D8893159070}.DLL Release|Mixed Platforms.ActiveCfg = Default|Win32
		{625FF492-B59F-569D-16CD-9D8893159070}.DLL Release|Mixed Platforms.Build.0 = Default|Win32
		{625FF492-B59F-569D-16CD-9D8893159070}.DLL Release|Win32.ActiveCfg = Default|Win32
		{625FF492-B59F-569D-16CD-9D8893159070}.DLL Release|Win32.Build.0 = Default|Win32
		{625FF492-B59F-569D-16CD-9D8893159070}.Release|Any CPU.ActiveCfg = Default|Win32
		{625FF492-B59F-569D-16CD-9D8893159070}.Release|Mixed Platforms.ActiveCfg = Default|Win32
		{625FF492-B59F-569D-16CD-9D8893159070}.Release|Mixed Platforms.Build.0 = Default|Win32
		{625FF492-B59F-569D-16CD-9D8893159070}.Release|Win32.ActiveCfg = Default|Win32
		{625FF492-B59F-569D-16CD-9D8893159070}.Release|Win32.Build.0 = Default|Win32
		{D6F69B1D-C352-4321-DB83-D64F1E7E60C4}.Debug|Any CPU.ActiveCfg = Default|Win32
		{D6F69B1D-C352-4321-DB83-D64F1E7E60C4}.Debug|Mixed Platforms.ActiveCfg = Default|Win32
		{D6F69B1D-C352-4321-DB83-D64F1E7E60C4}.Debug|Mixed Platforms.Build.0 = Default|Win32
		{D6F69B1D-C352-4321-DB83-D64F1E7E60C4}.Debug|Win32.ActiveCfg = Default|Win32
		{D6F69B1D-C352-4321-DB83-D64F1E7E60C4}.Debug|Win32.Build.0 = Default|Win32
		{D6F69B1D-C352-4321-DB83-D64F1E7E60C4}.Default|Any CPU.ActiveCfg = Default|Win32
		{D6F69B1D-C352-4321-DB83-D64F1E7E60C4}.Default|Mixed Platforms.ActiveCfg = Default|Win32
		{D6F69B1D-C352-4321-DB83-D64F1E7E60C4}.Default|Mixed Platforms.Build.0 = Default|Win32
		{D6F69B1D-C352-4321-DB83-D64F1E7E60C4}.Default|Win32.ActiveCfg = Default|Win32
		{D6F69B1D-C352-4321-DB83-D64F1E7E60C4}.Default|Win32.Build.0 = Default|Win32
		{D6F69B1D-C352-4321-DB83-D64F1E7E60C4}.DLL Debug|Any CPU.ActiveCfg = Default|Win32
		{D6F69B1D-C352-4321-DB83-D64F1E7E60C4}.DLL Debug|Mixed Platforms.ActiveCfg = Default|Win32
		{D6F69B1D-C352-4321-DB83-D64F1E7E60C4}.DLL Debug|Mixed Platforms.Build.0 = Default|Win32
		{D6F69B1D-C352-4321-DB83-D64F1E7E60C4}.DLL Debug|Win32.ActiveCfg = Default|Win32
		{D6F69B1D-C352-4321-DB83-D64F1E7E60C4}.DLL Debug|Win32.Build.0 = Default|Win32
		{D6F69B1D-C352-4321-DB83-D64F1E7E60C4}.DLL Release|Any CPU.ActiveCfg = Default|Win32
		{D6F69B1D-C352-4321-DB83-D64F1E7E60C4}.DLL Release|Mixed Platforms.ActiveCfg = Default|Win32
		{D6F69B1D-C352-4321-DB83-D64F1E7E60C4}.DLL Release|Mixed Platforms.Build.0 = Default|Win32
		{D6F69B1D-C352-4321-DB83-D64F1E7E60C4}.DLL Release|Win32.ActiveCfg = Default|Win32
		{D6F69B1D-C352-4321-DB83-D64F1E7E60C4}.DLL Release|Win32.Build.0 = Default|Win32
		{D6F69B1D-C352-4321-DB83-D64F1E7E60C4}.Release|Any CPU.ActiveCfg = Default|Win32
		{D6F69B1D-C352-4321-DB83-D64F1E7E60C4}.Release|Mixed Platforms.ActiveCfg = Default|Win32
		{D6F69B1D-C352-4321-DB83-D64F1E7E60C4}.Release|Mixed Platforms.Build.0 = Default|Win32
		{D6F69B1D-C352-4321-DB83-D64F1E7E60C4}.Release|Win32.ActiveCfg = Default|Win32
		{D6F69B1D-C352-4321-DB83-D64F1E7E60C4}.Release|Win32.Build.0 = Default|Win32
		{603C6853-166F-A229-0CE7-B001CAF96C76}.Debug|Any CPU.ActiveCfg = Default|Win32
		{603C6853-166F-A229-0CE7-B001CAF96C76}.Debug|Mixed Platforms.ActiveCfg = Default|Win32
		{603C6853-166F-A229-0CE7-B001CAF96C76}.Debug|Mixed Platforms.Build.0 = Default|Win32
		{603C6853-166F-A229-0CE7-B001CAF96C76}.Debug|Win32.ActiveCfg = Default|Win32
		{603C6853-166F-A229-0CE7-B001CAF96C76}.Debug|Win32.Build.0 = Default|Win32
		{603C6853-166F-A229-0CE7-B001CAF96C76}.Default|Any CPU.ActiveCfg = Default|Win32
		{603C6853-166F-A229-0CE7-B001CAF96C76}.Default|Mixed Platforms.ActiveCfg = Default|Win32
		{603C6853-166F-A229-0CE7-B001CAF96C76}.Default|Mixed Platforms.Build.0 = Default|Win32
		{603C6853-166F-A229-0CE7-B001CAF96C76}.Default|Win32.ActiveCfg = Default|Win32
		{603C6853-166F-A229-0CE7-B001CAF96C76}.Default|Win32.Build.0 = Default|Win32
		{603C6853-166F-A229-0CE7-B001CAF96C76}.DLL Debug|Any CPU.ActiveCfg = Default|Win32
		{603C6853-166F-A229-0CE7-B001CAF96C76}.DLL Debug|Mixed Platforms.ActiveCfg = Default|Win32
		{603C6853-166F-A229-0CE7-B001CAF96C76}.DLL Debug|Mixed Platforms.Build.0 = Default|Win32
		{603C6853-166F-A229-0CE7-B001CAF96C76}.DLL Debug|Win32.ActiveCfg = Default|Win32
		{603C6853-166F-A229-0CE7-B001CAF96C76}.DLL Debug|Win32.Build.0 = Default|Win32
		{603C6853-166F-A229-0CE7-B001CAF96C76}.DLL Release|Any CPU.ActiveCfg = Default|Win32
		{603C6853-166F-A229-0CE7-B001CAF96C76}.DLL Release|Mixed Platforms.ActiveCfg = Default|Win32
		{603C6853-166F-A229-0CE7-B001CAF96C76}.DLL Release|Mixed Platforms.Build.0 = Default|Win32
		{603C6853-166F-A229-0CE7-B001CAF96C76}.DLL Release|Win32.ActiveCfg = Default|Win32
		{603C6853-166F-A229-0CE7-B001CAF96C76}.DLL Release|Win32.Build.0 = Default|Win32
		{603C6853-166F-A229-0CE7-B001CAF96C76}.Release|Any CPU.ActiveCfg = Default|Win32
		{603C6853-166F-A229-0CE7-B001CAF96C76}.Release|Mixed Platforms.ActiveCfg = Default|Win32
		{603C6853-166F-A229-0CE7-B001CAF96C76}.Release|Mixed Platforms.Build.0 = Default|Win32
		{603C6853-166F-A229-0CE7-B001CAF96C76}.Release|Win32.ActiveCfg = Default|Win32
		{603C6853-166F-A229-0CE7-B001CAF96C76}.Release|Win32.Build.0 = Default|Win32
		{21B2C324-891F-48EA-AD1A-5AE13DE12E28}.Debug|Any CPU.ActiveCfg = Debug|Win32
		{21B2C324-891F-48EA-AD1A-5AE13DE12E28}.Debug|Mixed Platforms.ActiveCfg = Debug|Win32
		{21B2C324-891F-48EA-AD1A-5AE13DE12E28}.Debug|Mixed Platforms.Build.0 = Debug|Win32
		{21B2C324-891F-48EA-AD1A-5AE13DE12E28}.Debug|Win32.ActiveCfg = Debug|Win32
		{21B2C324-891F-48EA-AD1A-5AE13DE12E28}.Debug|Win32.Build.0 = Debug|Win32
		{21B2C324-891F-48EA-AD1A-5AE13DE12E28}.Default|Any CPU.ActiveCfg = Debug|Win32
		{21B2C324-891F-48EA-AD1A-5AE13DE12E28}.Default|Mixed Platforms.ActiveCfg = Debug|Win32
		{21B2C324-891F-48EA-AD1A-5AE13DE12E28}.Default|Mixed Platforms.Build.0 = Debug|Win32
		{21B2C324-891F-48EA-AD1A-5AE13DE12E28}.Default|Win32.ActiveCfg = Debug|Win32
		{21B2C324-891F-48EA-AD1A-5AE13DE12E28}.Default|Win32.Build.0 = Debug|Win32
		{21B2C324-891F-48EA-AD1A-5AE13DE12E28}.DLL Debug|Any CPU.ActiveCfg = Debug|Win32
		{21B2C324-891F-48EA-AD1A-5AE13DE12E28}.DLL Debug|Mixed Platforms.ActiveCfg = Debug|Win32
		{21B2C324-891F-48EA-AD1A-5AE13DE12E28}.DLL Debug|Mixed Platforms.Build.0 = Debug|Win32
		{21B2C324-891F-48EA-AD1A-5AE13DE12E28}.DLL Debug|Win32.ActiveCfg = Debug|Win32
		{21B2C324-891F-48EA-AD1A-5AE13DE12E28}.DLL Debug|Win32.Build.0 = Debug|Win32
		{21B2C324-891F-48EA-AD1A-5AE13DE12E28}.DLL Release|Any CPU.ActiveCfg = Release|Win32
		{21B2C324-891F-48EA-AD1A-5AE13DE12E28}.DLL Release|Mixed Platforms.ActiveCfg = Release|Win32
		{21B2C324-891F-48EA-AD1A-5AE13DE12E28}.DLL Release|Mixed Platforms.Build.0 = Release|Win32
		{21B2C324-891F-48EA-AD1A-5AE13DE12E28}.DLL Release|Win32.ActiveCfg = Release|Win32
		{21B2C324-891F-48EA-AD1A-5AE13DE12E28}.DLL Release|Win32.Build.0 = Release|Win32
		{21B2C324-891F-48EA-AD1A-5AE13DE12E28}.Release|Any CPU.ActiveCfg = Release|Win32
		{21B2C324-891F-48EA-AD1A-5AE13DE12E28}.Release|Mixed Platforms.ActiveCfg = Release|Win32
		{21B2C324-891F-48EA-AD1A-5AE13DE12E28}.Release|Mixed Platforms.Build.0 = Release|Win32
		{21B2C324-891F-48EA-AD1A-5AE13DE12E28}.Release|Win32.ActiveCfg = Release|Win32
		{21B2C324-891F-48EA-AD1A-5AE13DE12E28}.Release|Win32.Build.0 = Release|Win32
	EndGlobalSection
	GlobalSection(SolutionProperties) = preSolution
		HideSolutionNode = FALSE
	EndGlobalSection
EndGlobal
