<?xml version="1.0" encoding="utf-8"?>
<Project ToolsVersion="4.0" xmlns="http://schemas.microsoft.com/developer/msbuild/2003">
  <ItemGroup>
    <ClCompile Include="hello.cpp" />
    <ClCompile Include="..\common\PomeloConnection.cpp">
      <Filter>common</Filter>
    </ClCompile>
    <ClCompile Include="..\net\LoginRequest.cpp">
      <Filter>net</Filter>
    </ClCompile>
  </ItemGroup>
  <ItemGroup>
    <Filter Include="common">
      <UniqueIdentifier>{a58c2868-566d-4359-80bc-bd3c289cea7b}</UniqueIdentifier>
    </Filter>
    <Filter Include="net">
      <UniqueIdentifier>{3ad4ea4a-680d-4fb3-9a69-8a9991c27b79}</UniqueIdentifier>
    </Filter>
  </ItemGroup>
  <ItemGroup>
    <ClInclude Include="..\common\jansson.hpp">
      <Filter>common</Filter>
    </ClInclude>
    <ClInclude Include="..\common\jansson-impl.hpp">
      <Filter>common</Filter>
    </ClInclude>
    <ClInclude Include="..\common\PomeloConnection.h">
      <Filter>common</Filter>
    </ClInclude>
    <ClInclude Include="..\common\ConnectionObject.h">
      <Filter>common</Filter>
    </ClInclude>
    <ClInclude Include="..\net\LoginRequest.h">
      <Filter>net</Filter>
    </ClInclude>
  </ItemGroup>
</Project>